
Microsoft Visual Studio Solution File, Format Version 12.00
# Visual Studio Version 16
VisualStudioVersion = 16.0.31410.357
MinimumVisualStudioVersion = 10.0.40219.1
Project("{8BC9CEB8-8B4A-11D0-8D11-00A0C91BC942}") = "Abstract_PureVirtualFunction_Activity", "Abstract_PureVirtualFunction_Activity.vcxproj", "{25761CB5-2A98-4986-A871-213F68590E76}"
EndProject
Global
	GlobalSection(SolutionConfigurationPlatforms) = preSolution
		Debug|x64 = Debug|x64
		Debug|x86 = Debug|x86
		Release|x64 = Release|x64
		Release|x86 = Release|x86
	EndGlobalSection
	GlobalSection(ProjectConfigurationPlatforms) = postSolution
		{25761CB5-2A98-4986-A871-213F68590E76}.Debug|x64.ActiveCfg = Debug|x64
		{25761CB5-2A98-4986-A871-213F68590E76}.Debug|x64.Build.0 = Debug|x64
		{25761CB5-2A98-4986-A871-213F68590E76}.Debug|x86.ActiveCfg = Debug|Win32
		{25761CB5-2A98-4986-A871-213F68590E76}.Debug|x86.Build.0 = Debug|Win32
		{25761CB5-2A98-4986-A871-213F68590E76}.Release|x64.ActiveCfg = Release|x64
		{25761CB5-2A98-4986-A871-213F68590E76}.Release|x64.Build.0 = Release|x64
		{25761CB5-2A98-4986-A871-213F68590E76}.Release|x86.ActiveCfg = Release|Win32
		{25761CB5-2A98-4986-A871-213F68590E76}.Release|x86.Build.0 = Release|Win32
	EndGlobalSection
	GlobalSection(SolutionProperties) = preSolution
		HideSolutionNode = FALSE
	EndGlobalSection
	GlobalSection(ExtensibilityGlobals) = postSolution
		SolutionGuid = {7C817968-2111-4732-9EAF-DA922C159984}
	EndGlobalSection
EndGlobal
